
Microsoft Visual Studio Solution File, Format Version 12.00
# Visual Studio 15
VisualStudioVersion = 15.0.27130.2010
MinimumVisualStudioVersion = 10.0.40219.1
Project("{FAE04EC0-301F-11D3-BF4B-00C04F79EFBC}") = "Day01", "Day01\Day01.csproj", "{321FC4EC-A446-433F-BFB0-9043C7093194}"
EndProject
Project("{FAE04EC0-301F-11D3-BF4B-00C04F79EFBC}") = "Day02", "Day02\Day02.csproj", "{5247C585-1C88-422F-8B05-98272DDC6CB0}"
EndProject
Project("{FAE04EC0-301F-11D3-BF4B-00C04F79EFBC}") = "Day03", "Day03\Day03.csproj", "{FE068666-0104-42B9-B5D3-0DD7B8F7AD7A}"
EndProject
Project("{FAE04EC0-301F-11D3-BF4B-00C04F79EFBC}") = "Day04", "Day04\Day04.csproj", "{504EE4D9-63B6-4ADB-A888-633947D21223}"
EndProject
Project("{FAE04EC0-301F-11D3-BF4B-00C04F79EFBC}") = "Day05", "Day05\Day05.csproj", "{2D18895F-5457-449B-8C40-1819679220FE}"
EndProject
Project("{FAE04EC0-301F-11D3-BF4B-00C04F79EFBC}") = "Day06", "Day06\Day06.csproj", "{CD693FF8-B354-4217-9852-ED88301AECE8}"
EndProject
Project("{FAE04EC0-301F-11D3-BF4B-00C04F79EFBC}") = "Day07", "Day07\Day07.csproj", "{A08FABF3-505F-4DBC-A4D9-D76F078D15E5}"
EndProject
Project("{FAE04EC0-301F-11D3-BF4B-00C04F79EFBC}") = "Day08", "Day08\Day08.csproj", "{9A83336C-40F3-436D-BE3E-85BBA8A54F3D}"
EndProject
Project("{FAE04EC0-301F-11D3-BF4B-00C04F79EFBC}") = "Day09", "Day09\Day09.csproj", "{4FD8BD53-4325-4A2F-8556-B53404A419B4}"
EndProject
Project("{FAE04EC0-301F-11D3-BF4B-00C04F79EFBC}") = "Day10", "Day10\Day10.csproj", "{95EEC66F-B360-4F3B-A1E5-4FB4DBCDFF95}"
EndProject
Project("{FAE04EC0-301F-11D3-BF4B-00C04F79EFBC}") = "Day11", "Day11\Day11.csproj", "{7D108D6F-7E90-4507-B310-7A95E95A70EA}"
EndProject
Project("{FAE04EC0-301F-11D3-BF4B-00C04F79EFBC}") = "Day12", "Day12\Day12.csproj", "{9B3E2D4B-FE89-4A01-A2A1-C8F072CD256D}"
EndProject
Project("{FAE04EC0-301F-11D3-BF4B-00C04F79EFBC}") = "Day13", "Day13\Day13.csproj", "{B6355F6C-B912-40B2-A7DB-3488EEC95935}"
EndProject
Project("{FAE04EC0-301F-11D3-BF4B-00C04F79EFBC}") = "Day14", "Day14\Day14.csproj", "{273D4DD9-1418-421C-BFBA-DE6F9AC2E543}"
EndProject
Project("{FAE04EC0-301F-11D3-BF4B-00C04F79EFBC}") = "Day15", "Day15\Day15.csproj", "{797580E1-1E3C-411B-A0BE-5F461763CB1F}"
EndProject
Project("{FAE04EC0-301F-11D3-BF4B-00C04F79EFBC}") = "Day16", "Day16\Day16.csproj", "{4B32C3C9-8C6B-47F9-B306-87E62CEC1F51}"
EndProject
Project("{FAE04EC0-301F-11D3-BF4B-00C04F79EFBC}") = "Day17", "Day17\Day17.csproj", "{BC7E81B9-8430-4CEF-B4E2-0EA5B59137E5}"
EndProject
Project("{FAE04EC0-301F-11D3-BF4B-00C04F79EFBC}") = "Day18", "Day18\Day18.csproj", "{977BDDE3-15A9-444A-8F84-D47C1841C171}"
EndProject
Project("{FAE04EC0-301F-11D3-BF4B-00C04F79EFBC}") = "Day19", "Day19\Day19.csproj", "{EB37DE78-D98D-4ED4-BD0A-F4D84CF54FB5}"
EndProject
Project("{FAE04EC0-301F-11D3-BF4B-00C04F79EFBC}") = "Day20", "Day20\Day20.csproj", "{3C7CD500-0683-42D3-A827-481172592F35}"
EndProject
Project("{FAE04EC0-301F-11D3-BF4B-00C04F79EFBC}") = "Day21", "Day21\Day21.csproj", "{5D250A7A-AE42-4774-BE3A-9A2F2BC53068}"
EndProject
Project("{FAE04EC0-301F-11D3-BF4B-00C04F79EFBC}") = "Day22", "Day22\Day22.csproj", "{269B777D-3934-4BD9-A95E-A6A8810ADDDE}"
EndProject
Project("{FAE04EC0-301F-11D3-BF4B-00C04F79EFBC}") = "Day23", "Day23\Day23.csproj", "{82947529-F1C1-4312-8B5D-7CFDD598466D}"
EndProject
Project("{FAE04EC0-301F-11D3-BF4B-00C04F79EFBC}") = "Day24", "Day24\Day24.csproj", "{39C30AB8-CC97-4567-9D3A-1D29E63A9E8E}"
EndProject
Global
	GlobalSection(SolutionConfigurationPlatforms) = preSolution
		Debug|Any CPU = Debug|Any CPU
		Release|Any CPU = Release|Any CPU
	EndGlobalSection
	GlobalSection(ProjectConfigurationPlatforms) = postSolution
		{321FC4EC-A446-433F-BFB0-9043C7093194}.Debug|Any CPU.ActiveCfg = Debug|Any CPU
		{321FC4EC-A446-433F-BFB0-9043C7093194}.Debug|Any CPU.Build.0 = Debug|Any CPU
		{321FC4EC-A446-433F-BFB0-9043C7093194}.Release|Any CPU.ActiveCfg = Release|Any CPU
		{321FC4EC-A446-433F-BFB0-9043C7093194}.Release|Any CPU.Build.0 = Release|Any CPU
		{5247C585-1C88-422F-8B05-98272DDC6CB0}.Debug|Any CPU.ActiveCfg = Debug|Any CPU
		{5247C585-1C88-422F-8B05-98272DDC6CB0}.Debug|Any CPU.Build.0 = Debug|Any CPU
		{5247C585-1C88-422F-8B05-98272DDC6CB0}.Release|Any CPU.ActiveCfg = Release|Any CPU
		{5247C585-1C88-422F-8B05-98272DDC6CB0}.Release|Any CPU.Build.0 = Release|Any CPU
		{FE068666-0104-42B9-B5D3-0DD7B8F7AD7A}.Debug|Any CPU.ActiveCfg = Debug|Any CPU
		{FE068666-0104-42B9-B5D3-0DD7B8F7AD7A}.Debug|Any CPU.Build.0 = Debug|Any CPU
		{FE068666-0104-42B9-B5D3-0DD7B8F7AD7A}.Release|Any CPU.ActiveCfg = Release|Any CPU
		{FE068666-0104-42B9-B5D3-0DD7B8F7AD7A}.Release|Any CPU.Build.0 = Release|Any CPU
		{504EE4D9-63B6-4ADB-A888-633947D21223}.Debug|Any CPU.ActiveCfg = Debug|Any CPU
		{504EE4D9-63B6-4ADB-A888-633947D21223}.Debug|Any CPU.Build.0 = Debug|Any CPU
		{504EE4D9-63B6-4ADB-A888-633947D21223}.Release|Any CPU.ActiveCfg = Release|Any CPU
		{504EE4D9-63B6-4ADB-A888-633947D21223}.Release|Any CPU.Build.0 = Release|Any CPU
		{2D18895F-5457-449B-8C40-1819679220FE}.Debug|Any CPU.ActiveCfg = Debug|Any CPU
		{2D18895F-5457-449B-8C40-1819679220FE}.Debug|Any CPU.Build.0 = Debug|Any CPU
		{2D18895F-5457-449B-8C40-1819679220FE}.Release|Any CPU.ActiveCfg = Release|Any CPU
		{2D18895F-5457-449B-8C40-1819679220FE}.Release|Any CPU.Build.0 = Release|Any CPU
		{CD693FF8-B354-4217-9852-ED88301AECE8}.Debug|Any CPU.ActiveCfg = Debug|Any CPU
		{CD693FF8-B354-4217-9852-ED88301AECE8}.Debug|Any CPU.Build.0 = Debug|Any CPU
		{CD693FF8-B354-4217-9852-ED88301AECE8}.Release|Any CPU.ActiveCfg = Release|Any CPU
		{CD693FF8-B354-4217-9852-ED88301AECE8}.Release|Any CPU.Build.0 = Release|Any CPU
		{A08FABF3-505F-4DBC-A4D9-D76F078D15E5}.Debug|Any CPU.ActiveCfg = Debug|Any CPU
		{A08FABF3-505F-4DBC-A4D9-D76F078D15E5}.Debug|Any CPU.Build.0 = Debug|Any CPU
		{A08FABF3-505F-4DBC-A4D9-D76F078D15E5}.Release|Any CPU.ActiveCfg = Release|Any CPU
		{A08FABF3-505F-4DBC-A4D9-D76F078D15E5}.Release|Any CPU.Build.0 = Release|Any CPU
		{9A83336C-40F3-436D-BE3E-85BBA8A54F3D}.Debug|Any CPU.ActiveCfg = Debug|Any CPU
		{9A83336C-40F3-436D-BE3E-85BBA8A54F3D}.Debug|Any CPU.Build.0 = Debug|Any CPU
		{9A83336C-40F3-436D-BE3E-85BBA8A54F3D}.Release|Any CPU.ActiveCfg = Release|Any CPU
		{9A83336C-40F3-436D-BE3E-85BBA8A54F3D}.Release|Any CPU.Build.0 = Release|Any CPU
		{4FD8BD53-4325-4A2F-8556-B53404A419B4}.Debug|Any CPU.ActiveCfg = Debug|Any CPU
		{4FD8BD53-4325-4A2F-8556-B53404A419B4}.Debug|Any CPU.Build.0 = Debug|Any CPU
		{4FD8BD53-4325-4A2F-8556-B53404A419B4}.Release|Any CPU.ActiveCfg = Release|Any CPU
		{4FD8BD53-4325-4A2F-8556-B53404A419B4}.Release|Any CPU.Build.0 = Release|Any CPU
		{95EEC66F-B360-4F3B-A1E5-4FB4DBCDFF95}.Debug|Any CPU.ActiveCfg = Debug|Any CPU
		{95EEC66F-B360-4F3B-A1E5-4FB4DBCDFF95}.Debug|Any CPU.Build.0 = Debug|Any CPU
		{95EEC66F-B360-4F3B-A1E5-4FB4DBCDFF95}.Release|Any CPU.ActiveCfg = Release|Any CPU
		{95EEC66F-B360-4F3B-A1E5-4FB4DBCDFF95}.Release|Any CPU.Build.0 = Release|Any CPU
		{7D108D6F-7E90-4507-B310-7A95E95A70EA}.Debug|Any CPU.ActiveCfg = Debug|Any CPU
		{7D108D6F-7E90-4507-B310-7A95E95A70EA}.Debug|Any CPU.Build.0 = Debug|Any CPU
		{7D108D6F-7E90-4507-B310-7A95E95A70EA}.Release|Any CPU.ActiveCfg = Release|Any CPU
		{7D108D6F-7E90-4507-B310-7A95E95A70EA}.Release|Any CPU.Build.0 = Release|Any CPU
		{9B3E2D4B-FE89-4A01-A2A1-C8F072CD256D}.Debug|Any CPU.ActiveCfg = Debug|Any CPU
		{9B3E2D4B-FE89-4A01-A2A1-C8F072CD256D}.Debug|Any CPU.Build.0 = Debug|Any CPU
		{9B3E2D4B-FE89-4A01-A2A1-C8F072CD256D}.Release|Any CPU.ActiveCfg = Release|Any CPU
		{9B3E2D4B-FE89-4A01-A2A1-C8F072CD256D}.Release|Any CPU.Build.0 = Release|Any CPU
		{B6355F6C-B912-40B2-A7DB-3488EEC95935}.Debug|Any CPU.ActiveCfg = Debug|Any CPU
		{B6355F6C-B912-40B2-A7DB-3488EEC95935}.Debug|Any CPU.Build.0 = Debug|Any CPU
		{B6355F6C-B912-40B2-A7DB-3488EEC95935}.Release|Any CPU.ActiveCfg = Release|Any CPU
		{B6355F6C-B912-40B2-A7DB-3488EEC95935}.Release|Any CPU.Build.0 = Release|Any CPU
		{273D4DD9-1418-421C-BFBA-DE6F9AC2E543}.Debug|Any CPU.ActiveCfg = Debug|Any CPU
		{273D4DD9-1418-421C-BFBA-DE6F9AC2E543}.Debug|Any CPU.Build.0 = Debug|Any CPU
		{273D4DD9-1418-421C-BFBA-DE6F9AC2E543}.Release|Any CPU.ActiveCfg = Release|Any CPU
		{273D4DD9-1418-421C-BFBA-DE6F9AC2E543}.Release|Any CPU.Build.0 = Release|Any CPU
		{797580E1-1E3C-411B-A0BE-5F461763CB1F}.Debug|Any CPU.ActiveCfg = Debug|Any CPU
		{797580E1-1E3C-411B-A0BE-5F461763CB1F}.Debug|Any CPU.Build.0 = Debug|Any CPU
		{797580E1-1E3C-411B-A0BE-5F461763CB1F}.Release|Any CPU.ActiveCfg = Release|Any CPU
		{797580E1-1E3C-411B-A0BE-5F461763CB1F}.Release|Any CPU.Build.0 = Release|Any CPU
		{4B32C3C9-8C6B-47F9-B306-87E62CEC1F51}.Debug|Any CPU.ActiveCfg = Debug|Any CPU
		{4B32C3C9-8C6B-47F9-B306-87E62CEC1F51}.Debug|Any CPU.Build.0 = Debug|Any CPU
		{4B32C3C9-8C6B-47F9-B306-87E62CEC1F51}.Release|Any CPU.ActiveCfg = Release|Any CPU
		{4B32C3C9-8C6B-47F9-B306-87E62CEC1F51}.Release|Any CPU.Build.0 = Release|Any CPU
		{BC7E81B9-8430-4CEF-B4E2-0EA5B59137E5}.Debug|Any CPU.ActiveCfg = Debug|Any CPU
		{BC7E81B9-8430-4CEF-B4E2-0EA5B59137E5}.Debug|Any CPU.Build.0 = Debug|Any CPU
		{BC7E81B9-8430-4CEF-B4E2-0EA5B59137E5}.Release|Any CPU.ActiveCfg = Release|Any CPU
		{BC7E81B9-8430-4CEF-B4E2-0EA5B59137E5}.Release|Any CPU.Build.0 = Release|Any CPU
		{977BDDE3-15A9-444A-8F84-D47C1841C171}.Debug|Any CPU.ActiveCfg = Debug|Any CPU
		{977BDDE3-15A9-444A-8F84-D47C1841C171}.Debug|Any CPU.Build.0 = Debug|Any CPU
		{977BDDE3-15A9-444A-8F84-D47C1841C171}.Release|Any CPU.ActiveCfg = Release|Any CPU
		{977BDDE3-15A9-444A-8F84-D47C1841C171}.Release|Any CPU.Build.0 = Release|Any CPU
		{EB37DE78-D98D-4ED4-BD0A-F4D84CF54FB5}.Debug|Any CPU.ActiveCfg = Debug|Any CPU
		{EB37DE78-D98D-4ED4-BD0A-F4D84CF54FB5}.Debug|Any CPU.Build.0 = Debug|Any CPU
		{EB37DE78-D98D-4ED4-BD0A-F4D84CF54FB5}.Release|Any CPU.ActiveCfg = Release|Any CPU
		{EB37DE78-D98D-4ED4-BD0A-F4D84CF54FB5}.Release|Any CPU.Build.0 = Release|Any CPU
		{3C7CD500-0683-42D3-A827-481172592F35}.Debug|Any CPU.ActiveCfg = Debug|Any CPU
		{3C7CD500-0683-42D3-A827-481172592F35}.Debug|Any CPU.Build.0 = Debug|Any CPU
		{3C7CD500-0683-42D3-A827-481172592F35}.Release|Any CPU.ActiveCfg = Release|Any CPU
		{3C7CD500-0683-42D3-A827-481172592F35}.Release|Any CPU.Build.0 = Release|Any CPU
		{5D250A7A-AE42-4774-BE3A-9A2F2BC53068}.Debug|Any CPU.ActiveCfg = Debug|Any CPU
		{5D250A7A-AE42-4774-BE3A-9A2F2BC53068}.Debug|Any CPU.Build.0 = Debug|Any CPU
		{5D250A7A-AE42-4774-BE3A-9A2F2BC53068}.Release|Any CPU.ActiveCfg = Release|Any CPU
		{5D250A7A-AE42-4774-BE3A-9A2F2BC53068}.Release|Any CPU.Build.0 = Release|Any CPU
		{269B777D-3934-4BD9-A95E-A6A8810ADDDE}.Debug|Any CPU.ActiveCfg = Debug|Any CPU
		{269B777D-3934-4BD9-A95E-A6A8810ADDDE}.Debug|Any CPU.Build.0 = Debug|Any CPU
		{269B777D-3934-4BD9-A95E-A6A8810ADDDE}.Release|Any CPU.ActiveCfg = Release|Any CPU
		{269B777D-3934-4BD9-A95E-A6A8810ADDDE}.Release|Any CPU.Build.0 = Release|Any CPU
		{82947529-F1C1-4312-8B5D-7CFDD598466D}.Debug|Any CPU.ActiveCfg = Debug|Any CPU
		{82947529-F1C1-4312-8B5D-7CFDD598466D}.Debug|Any CPU.Build.0 = Debug|Any CPU
		{82947529-F1C1-4312-8B5D-7CFDD598466D}.Release|Any CPU.ActiveCfg = Release|Any CPU
		{82947529-F1C1-4312-8B5D-7CFDD598466D}.Release|Any CPU.Build.0 = Release|Any CPU
		{39C30AB8-CC97-4567-9D3A-1D29E63A9E8E}.Debug|Any CPU.ActiveCfg = Debug|Any CPU
		{39C30AB8-CC97-4567-9D3A-1D29E63A9E8E}.Debug|Any CPU.Build.0 = Debug|Any CPU
		{39C30AB8-CC97-4567-9D3A-1D29E63A9E8E}.Release|Any CPU.ActiveCfg = Release|Any CPU
		{39C30AB8-CC97-4567-9D3A-1D29E63A9E8E}.Release|Any CPU.Build.0 = Release|Any CPU
	EndGlobalSection
	GlobalSection(SolutionProperties) = preSolution
		HideSolutionNode = FALSE
	EndGlobalSection
	GlobalSection(ExtensibilityGlobals) = postSolution
		SolutionGuid = {32729A92-D2C3-4560-88EC-613471E25840}
	EndGlobalSection
EndGlobal
